
Microsoft Visual Studio Solution File, Format Version 12.00
# Visual Studio 15
VisualStudioVersion = 15.0.28010.2041
MinimumVisualStudioVersion = 10.0.40219.1
Project("{9A19103F-16F7-4668-BE54-9A1E7A4F7556}") = "Day1", "Day1\Day1.csproj", "{AE81B3A9-1686-4CE2-8D5D-8A6CA409304D}"
EndProject
Project("{9A19103F-16F7-4668-BE54-9A1E7A4F7556}") = "Day2", "Day2\Day2.csproj", "{D87814EC-AC33-4707-BE78-4DEA1E950563}"
EndProject
Project("{9A19103F-16F7-4668-BE54-9A1E7A4F7556}") = "Day2.2", "Day2.2\Day2.2.csproj", "{E4536F66-250F-4B42-B009-2107EA8A48DB}"
EndProject
Project("{9A19103F-16F7-4668-BE54-9A1E7A4F7556}") = "Day3.1", "Day3.1\Day3.1.csproj", "{D0A4D185-A59D-4DA2-8D75-BA490767DEB4}"
EndProject
Project("{9A19103F-16F7-4668-BE54-9A1E7A4F7556}") = "Day3.2", "Day3.2\Day3.2.csproj", "{B9E3C98B-1E9A-4748-AED6-788CC93CDD1B}"
EndProject
Project("{9A19103F-16F7-4668-BE54-9A1E7A4F7556}") = "Day4.1", "Day4.1\Day4.1.csproj", "{724D65EE-953F-4F23-96C2-1993F95BE66D}"
EndProject
Project("{9A19103F-16F7-4668-BE54-9A1E7A4F7556}") = "Day4.2", "Day4.2\Day4.2.csproj", "{CD772BB7-0477-4AB9-8215-9870B4F03156}"
EndProject
Project("{9A19103F-16F7-4668-BE54-9A1E7A4F7556}") = "Day5.1", "Day5.1\Day5.1.csproj", "{34565F09-69F6-4382-96FF-8B009476290F}"
EndProject
Project("{9A19103F-16F7-4668-BE54-9A1E7A4F7556}") = "Day5.2", "Day5.2\Day5.2.csproj", "{FDE739E6-F9C1-4AA5-B65C-84F0A741B40B}"
EndProject
Project("{9A19103F-16F7-4668-BE54-9A1E7A4F7556}") = "Day6.1", "Day6.1\Day6.1.csproj", "{EA6EA52D-B497-422E-86CA-C08156381E40}"
EndProject
Project("{9A19103F-16F7-4668-BE54-9A1E7A4F7556}") = "Day6.2", "Day6.2\Day6.2.csproj", "{D098833E-4676-46D5-85C4-98963D676328}"
EndProject
Project("{FAE04EC0-301F-11D3-BF4B-00C04F79EFBC}") = "Day7.1", "Day7.1\Day7.1.csproj", "{28CF196F-B9AE-4F00-9B8C-6376A302A968}"
EndProject
Project("{FAE04EC0-301F-11D3-BF4B-00C04F79EFBC}") = "Day7.2", "Day7.2\Day7.2.csproj", "{351CE50A-267C-4F2A-A6E0-DB0C1A224376}"
EndProject
Global
	GlobalSection(SolutionConfigurationPlatforms) = preSolution
		Debug|Any CPU = Debug|Any CPU
		Debug|x86 = Debug|x86
		Release|Any CPU = Release|Any CPU
		Release|x86 = Release|x86
	EndGlobalSection
	GlobalSection(ProjectConfigurationPlatforms) = postSolution
		{AE81B3A9-1686-4CE2-8D5D-8A6CA409304D}.Debug|Any CPU.ActiveCfg = Debug|Any CPU
		{AE81B3A9-1686-4CE2-8D5D-8A6CA409304D}.Debug|Any CPU.Build.0 = Debug|Any CPU
		{AE81B3A9-1686-4CE2-8D5D-8A6CA409304D}.Debug|x86.ActiveCfg = Debug|Any CPU
		{AE81B3A9-1686-4CE2-8D5D-8A6CA409304D}.Debug|x86.Build.0 = Debug|Any CPU
		{AE81B3A9-1686-4CE2-8D5D-8A6CA409304D}.Release|Any CPU.ActiveCfg = Release|Any CPU
		{AE81B3A9-1686-4CE2-8D5D-8A6CA409304D}.Release|Any CPU.Build.0 = Release|Any CPU
		{AE81B3A9-1686-4CE2-8D5D-8A6CA409304D}.Release|x86.ActiveCfg = Release|Any CPU
		{AE81B3A9-1686-4CE2-8D5D-8A6CA409304D}.Release|x86.Build.0 = Release|Any CPU
		{D87814EC-AC33-4707-BE78-4DEA1E950563}.Debug|Any CPU.ActiveCfg = Debug|Any CPU
		{D87814EC-AC33-4707-BE78-4DEA1E950563}.Debug|Any CPU.Build.0 = Debug|Any CPU
		{D87814EC-AC33-4707-BE78-4DEA1E950563}.Debug|x86.ActiveCfg = Debug|Any CPU
		{D87814EC-AC33-4707-BE78-4DEA1E950563}.Debug|x86.Build.0 = Debug|Any CPU
		{D87814EC-AC33-4707-BE78-4DEA1E950563}.Release|Any CPU.ActiveCfg = Release|Any CPU
		{D87814EC-AC33-4707-BE78-4DEA1E950563}.Release|Any CPU.Build.0 = Release|Any CPU
		{D87814EC-AC33-4707-BE78-4DEA1E950563}.Release|x86.ActiveCfg = Release|Any CPU
		{D87814EC-AC33-4707-BE78-4DEA1E950563}.Release|x86.Build.0 = Release|Any CPU
		{E4536F66-250F-4B42-B009-2107EA8A48DB}.Debug|Any CPU.ActiveCfg = Debug|Any CPU
		{E4536F66-250F-4B42-B009-2107EA8A48DB}.Debug|Any CPU.Build.0 = Debug|Any CPU
		{E4536F66-250F-4B42-B009-2107EA8A48DB}.Debug|x86.ActiveCfg = Debug|Any CPU
		{E4536F66-250F-4B42-B009-2107EA8A48DB}.Debug|x86.Build.0 = Debug|Any CPU
		{E4536F66-250F-4B42-B009-2107EA8A48DB}.Release|Any CPU.ActiveCfg = Release|Any CPU
		{E4536F66-250F-4B42-B009-2107EA8A48DB}.Release|Any CPU.Build.0 = Release|Any CPU
		{E4536F66-250F-4B42-B009-2107EA8A48DB}.Release|x86.ActiveCfg = Release|Any CPU
		{E4536F66-250F-4B42-B009-2107EA8A48DB}.Release|x86.Build.0 = Release|Any CPU
		{D0A4D185-A59D-4DA2-8D75-BA490767DEB4}.Debug|Any CPU.ActiveCfg = Debug|Any CPU
		{D0A4D185-A59D-4DA2-8D75-BA490767DEB4}.Debug|Any CPU.Build.0 = Debug|Any CPU
		{D0A4D185-A59D-4DA2-8D75-BA490767DEB4}.Debug|x86.ActiveCfg = Debug|Any CPU
		{D0A4D185-A59D-4DA2-8D75-BA490767DEB4}.Debug|x86.Build.0 = Debug|Any CPU
		{D0A4D185-A59D-4DA2-8D75-BA490767DEB4}.Release|Any CPU.ActiveCfg = Release|Any CPU
		{D0A4D185-A59D-4DA2-8D75-BA490767DEB4}.Release|Any CPU.Build.0 = Release|Any CPU
		{D0A4D185-A59D-4DA2-8D75-BA490767DEB4}.Release|x86.ActiveCfg = Release|Any CPU
		{D0A4D185-A59D-4DA2-8D75-BA490767DEB4}.Release|x86.Build.0 = Release|Any CPU
		{B9E3C98B-1E9A-4748-AED6-788CC93CDD1B}.Debug|Any CPU.ActiveCfg = Debug|Any CPU
		{B9E3C98B-1E9A-4748-AED6-788CC93CDD1B}.Debug|Any CPU.Build.0 = Debug|Any CPU
		{B9E3C98B-1E9A-4748-AED6-788CC93CDD1B}.Debug|x86.ActiveCfg = Debug|Any CPU
		{B9E3C98B-1E9A-4748-AED6-788CC93CDD1B}.Debug|x86.Build.0 = Debug|Any CPU
		{B9E3C98B-1E9A-4748-AED6-788CC93CDD1B}.Release|Any CPU.ActiveCfg = Release|Any CPU
		{B9E3C98B-1E9A-4748-AED6-788CC93CDD1B}.Release|Any CPU.Build.0 = Release|Any CPU
		{B9E3C98B-1E9A-4748-AED6-788CC93CDD1B}.Release|x86.ActiveCfg = Release|Any CPU
		{B9E3C98B-1E9A-4748-AED6-788CC93CDD1B}.Release|x86.Build.0 = Release|Any CPU
		{724D65EE-953F-4F23-96C2-1993F95BE66D}.Debug|Any CPU.ActiveCfg = Debug|Any CPU
		{724D65EE-953F-4F23-96C2-1993F95BE66D}.Debug|Any CPU.Build.0 = Debug|Any CPU
		{724D65EE-953F-4F23-96C2-1993F95BE66D}.Debug|x86.ActiveCfg = Debug|Any CPU
		{724D65EE-953F-4F23-96C2-1993F95BE66D}.Debug|x86.Build.0 = Debug|Any CPU
		{724D65EE-953F-4F23-96C2-1993F95BE66D}.Release|Any CPU.ActiveCfg = Release|Any CPU
		{724D65EE-953F-4F23-96C2-1993F95BE66D}.Release|Any CPU.Build.0 = Release|Any CPU
		{724D65EE-953F-4F23-96C2-1993F95BE66D}.Release|x86.ActiveCfg = Release|Any CPU
		{724D65EE-953F-4F23-96C2-1993F95BE66D}.Release|x86.Build.0 = Release|Any CPU
		{CD772BB7-0477-4AB9-8215-9870B4F03156}.Debug|Any CPU.ActiveCfg = Debug|Any CPU
		{CD772BB7-0477-4AB9-8215-9870B4F03156}.Debug|Any CPU.Build.0 = Debug|Any CPU
		{CD772BB7-0477-4AB9-8215-9870B4F03156}.Debug|x86.ActiveCfg = Debug|Any CPU
		{CD772BB7-0477-4AB9-8215-9870B4F03156}.Debug|x86.Build.0 = Debug|Any CPU
		{CD772BB7-0477-4AB9-8215-9870B4F03156}.Release|Any CPU.ActiveCfg = Release|Any CPU
		{CD772BB7-0477-4AB9-8215-9870B4F03156}.Release|Any CPU.Build.0 = Release|Any CPU
		{CD772BB7-0477-4AB9-8215-9870B4F03156}.Release|x86.ActiveCfg = Release|Any CPU
		{CD772BB7-0477-4AB9-8215-9870B4F03156}.Release|x86.Build.0 = Release|Any CPU
		{34565F09-69F6-4382-96FF-8B009476290F}.Debug|Any CPU.ActiveCfg = Debug|Any CPU
		{34565F09-69F6-4382-96FF-8B009476290F}.Debug|Any CPU.Build.0 = Debug|Any CPU
		{34565F09-69F6-4382-96FF-8B009476290F}.Debug|x86.ActiveCfg = Debug|Any CPU
		{34565F09-69F6-4382-96FF-8B009476290F}.Debug|x86.Build.0 = Debug|Any CPU
		{34565F09-69F6-4382-96FF-8B009476290F}.Release|Any CPU.ActiveCfg = Release|Any CPU
		{34565F09-69F6-4382-96FF-8B009476290F}.Release|Any CPU.Build.0 = Release|Any CPU
		{34565F09-69F6-4382-96FF-8B009476290F}.Release|x86.ActiveCfg = Release|Any CPU
		{34565F09-69F6-4382-96FF-8B009476290F}.Release|x86.Build.0 = Release|Any CPU
		{FDE739E6-F9C1-4AA5-B65C-84F0A741B40B}.Debug|Any CPU.ActiveCfg = Debug|Any CPU
		{FDE739E6-F9C1-4AA5-B65C-84F0A741B40B}.Debug|Any CPU.Build.0 = Debug|Any CPU
		{FDE739E6-F9C1-4AA5-B65C-84F0A741B40B}.Debug|x86.ActiveCfg = Debug|Any CPU
		{FDE739E6-F9C1-4AA5-B65C-84F0A741B40B}.Debug|x86.Build.0 = Debug|Any CPU
		{FDE739E6-F9C1-4AA5-B65C-84F0A741B40B}.Release|Any CPU.ActiveCfg = Release|Any CPU
		{FDE739E6-F9C1-4AA5-B65C-84F0A741B40B}.Release|Any CPU.Build.0 = Release|Any CPU
		{FDE739E6-F9C1-4AA5-B65C-84F0A741B40B}.Release|x86.ActiveCfg = Release|Any CPU
		{FDE739E6-F9C1-4AA5-B65C-84F0A741B40B}.Release|x86.Build.0 = Release|Any CPU
		{EA6EA52D-B497-422E-86CA-C08156381E40}.Debug|Any CPU.ActiveCfg = Debug|Any CPU
		{EA6EA52D-B497-422E-86CA-C08156381E40}.Debug|Any CPU.Build.0 = Debug|Any CPU
		{EA6EA52D-B497-422E-86CA-C08156381E40}.Debug|x86.ActiveCfg = Debug|Any CPU
		{EA6EA52D-B497-422E-86CA-C08156381E40}.Debug|x86.Build.0 = Debug|Any CPU
		{EA6EA52D-B497-422E-86CA-C08156381E40}.Release|Any CPU.ActiveCfg = Release|Any CPU
		{EA6EA52D-B497-422E-86CA-C08156381E40}.Release|Any CPU.Build.0 = Release|Any CPU
		{EA6EA52D-B497-422E-86CA-C08156381E40}.Release|x86.ActiveCfg = Release|Any CPU
		{EA6EA52D-B497-422E-86CA-C08156381E40}.Release|x86.Build.0 = Release|Any CPU
		{D098833E-4676-46D5-85C4-98963D676328}.Debug|Any CPU.ActiveCfg = Debug|Any CPU
		{D098833E-4676-46D5-85C4-98963D676328}.Debug|Any CPU.Build.0 = Debug|Any CPU
		{D098833E-4676-46D5-85C4-98963D676328}.Debug|x86.ActiveCfg = Debug|Any CPU
		{D098833E-4676-46D5-85C4-98963D676328}.Debug|x86.Build.0 = Debug|Any CPU
		{D098833E-4676-46D5-85C4-98963D676328}.Release|Any CPU.ActiveCfg = Release|Any CPU
		{D098833E-4676-46D5-85C4-98963D676328}.Release|Any CPU.Build.0 = Release|Any CPU
		{D098833E-4676-46D5-85C4-98963D676328}.Release|x86.ActiveCfg = Release|Any CPU
		{D098833E-4676-46D5-85C4-98963D676328}.Release|x86.Build.0 = Release|Any CPU
		{28CF196F-B9AE-4F00-9B8C-6376A302A968}.Debug|Any CPU.ActiveCfg = Debug|Any CPU
		{28CF196F-B9AE-4F00-9B8C-6376A302A968}.Debug|Any CPU.Build.0 = Debug|Any CPU
		{28CF196F-B9AE-4F00-9B8C-6376A302A968}.Debug|x86.ActiveCfg = Debug|Any CPU
		{28CF196F-B9AE-4F00-9B8C-6376A302A968}.Debug|x86.Build.0 = Debug|Any CPU
		{28CF196F-B9AE-4F00-9B8C-6376A302A968}.Release|Any CPU.ActiveCfg = Release|Any CPU
		{28CF196F-B9AE-4F00-9B8C-6376A302A968}.Release|Any CPU.Build.0 = Release|Any CPU
		{28CF196F-B9AE-4F00-9B8C-6376A302A968}.Release|x86.ActiveCfg = Release|Any CPU
		{28CF196F-B9AE-4F00-9B8C-6376A302A968}.Release|x86.Build.0 = Release|Any CPU
		{351CE50A-267C-4F2A-A6E0-DB0C1A224376}.Debug|Any CPU.ActiveCfg = Debug|Any CPU
		{351CE50A-267C-4F2A-A6E0-DB0C1A224376}.Debug|Any CPU.Build.0 = Debug|Any CPU
		{351CE50A-267C-4F2A-A6E0-DB0C1A224376}.Debug|x86.ActiveCfg = Debug|Any CPU
		{351CE50A-267C-4F2A-A6E0-DB0C1A224376}.Debug|x86.Build.0 = Debug|Any CPU
		{351CE50A-267C-4F2A-A6E0-DB0C1A224376}.Release|Any CPU.ActiveCfg = Release|Any CPU
		{351CE50A-267C-4F2A-A6E0-DB0C1A224376}.Release|Any CPU.Build.0 = Release|Any CPU
		{351CE50A-267C-4F2A-A6E0-DB0C1A224376}.Release|x86.ActiveCfg = Release|Any CPU
		{351CE50A-267C-4F2A-A6E0-DB0C1A224376}.Release|x86.Build.0 = Release|Any CPU
	EndGlobalSection
	GlobalSection(SolutionProperties) = preSolution
		HideSolutionNode = FALSE
	EndGlobalSection
	GlobalSection(ExtensibilityGlobals) = postSolution
		SolutionGuid = {7986C1E4-94D9-407F-B519-84375DFD24A4}
	EndGlobalSection
EndGlobal
