
Microsoft Visual Studio Solution File, Format Version 12.00
# Visual Studio Version 16
VisualStudioVersion = 16.0.29519.87
MinimumVisualStudioVersion = 10.0.40219.1
Project("{9A19103F-16F7-4668-BE54-9A1E7A4F7556}") = "Day1", "Day1\Day1.csproj", "{AE81B3A9-1686-4CE2-8D5D-8A6CA409304D}"
EndProject
Project("{9A19103F-16F7-4668-BE54-9A1E7A4F7556}") = "Day2", "Day2\Day2.csproj", "{D87814EC-AC33-4707-BE78-4DEA1E950563}"
EndProject
Project("{9A19103F-16F7-4668-BE54-9A1E7A4F7556}") = "Day2.2", "Day2.2\Day2.2.csproj", "{E4536F66-250F-4B42-B009-2107EA8A48DB}"
EndProject
Project("{9A19103F-16F7-4668-BE54-9A1E7A4F7556}") = "Day3.1", "Day3.1\Day3.1.csproj", "{D0A4D185-A59D-4DA2-8D75-BA490767DEB4}"
EndProject
Project("{9A19103F-16F7-4668-BE54-9A1E7A4F7556}") = "Day3.2", "Day3.2\Day3.2.csproj", "{B9E3C98B-1E9A-4748-AED6-788CC93CDD1B}"
EndProject
Global
	GlobalSection(SolutionConfigurationPlatforms) = preSolution
		Debug|Any CPU = Debug|Any CPU
		Debug|x86 = Debug|x86
		Release|Any CPU = Release|Any CPU
		Release|x86 = Release|x86
	EndGlobalSection
	GlobalSection(ProjectConfigurationPlatforms) = postSolution
		{AE81B3A9-1686-4CE2-8D5D-8A6CA409304D}.Debug|Any CPU.ActiveCfg = Debug|Any CPU
		{AE81B3A9-1686-4CE2-8D5D-8A6CA409304D}.Debug|Any CPU.Build.0 = Debug|Any CPU
		{AE81B3A9-1686-4CE2-8D5D-8A6CA409304D}.Debug|x86.ActiveCfg = Debug|Any CPU
		{AE81B3A9-1686-4CE2-8D5D-8A6CA409304D}.Debug|x86.Build.0 = Debug|Any CPU
		{AE81B3A9-1686-4CE2-8D5D-8A6CA409304D}.Release|Any CPU.ActiveCfg = Release|Any CPU
		{AE81B3A9-1686-4CE2-8D5D-8A6CA409304D}.Release|Any CPU.Build.0 = Release|Any CPU
		{AE81B3A9-1686-4CE2-8D5D-8A6CA409304D}.Release|x86.ActiveCfg = Release|Any CPU
		{AE81B3A9-1686-4CE2-8D5D-8A6CA409304D}.Release|x86.Build.0 = Release|Any CPU
		{D87814EC-AC33-4707-BE78-4DEA1E950563}.Debug|Any CPU.ActiveCfg = Debug|Any CPU
		{D87814EC-AC33-4707-BE78-4DEA1E950563}.Debug|Any CPU.Build.0 = Debug|Any CPU
		{D87814EC-AC33-4707-BE78-4DEA1E950563}.Debug|x86.ActiveCfg = Debug|Any CPU
		{D87814EC-AC33-4707-BE78-4DEA1E950563}.Debug|x86.Build.0 = Debug|Any CPU
		{D87814EC-AC33-4707-BE78-4DEA1E950563}.Release|Any CPU.ActiveCfg = Release|Any CPU
		{D87814EC-AC33-4707-BE78-4DEA1E950563}.Release|Any CPU.Build.0 = Release|Any CPU
		{D87814EC-AC33-4707-BE78-4DEA1E950563}.Release|x86.ActiveCfg = Release|Any CPU
		{D87814EC-AC33-4707-BE78-4DEA1E950563}.Release|x86.Build.0 = Release|Any CPU
		{E4536F66-250F-4B42-B009-2107EA8A48DB}.Debug|Any CPU.ActiveCfg = Debug|Any CPU
		{E4536F66-250F-4B42-B009-2107EA8A48DB}.Debug|Any CPU.Build.0 = Debug|Any CPU
		{E4536F66-250F-4B42-B009-2107EA8A48DB}.Debug|x86.ActiveCfg = Debug|Any CPU
		{E4536F66-250F-4B42-B009-2107EA8A48DB}.Debug|x86.Build.0 = Debug|Any CPU
		{E4536F66-250F-4B42-B009-2107EA8A48DB}.Release|Any CPU.ActiveCfg = Release|Any CPU
		{E4536F66-250F-4B42-B009-2107EA8A48DB}.Release|Any CPU.Build.0 = Release|Any CPU
		{E4536F66-250F-4B42-B009-2107EA8A48DB}.Release|x86.ActiveCfg = Release|Any CPU
		{E4536F66-250F-4B42-B009-2107EA8A48DB}.Release|x86.Build.0 = Release|Any CPU
		{D0A4D185-A59D-4DA2-8D75-BA490767DEB4}.Debug|Any CPU.ActiveCfg = Debug|Any CPU
		{D0A4D185-A59D-4DA2-8D75-BA490767DEB4}.Debug|Any CPU.Build.0 = Debug|Any CPU
		{D0A4D185-A59D-4DA2-8D75-BA490767DEB4}.Debug|x86.ActiveCfg = Debug|Any CPU
		{D0A4D185-A59D-4DA2-8D75-BA490767DEB4}.Debug|x86.Build.0 = Debug|Any CPU
		{D0A4D185-A59D-4DA2-8D75-BA490767DEB4}.Release|Any CPU.ActiveCfg = Release|Any CPU
		{D0A4D185-A59D-4DA2-8D75-BA490767DEB4}.Release|Any CPU.Build.0 = Release|Any CPU
		{D0A4D185-A59D-4DA2-8D75-BA490767DEB4}.Release|x86.ActiveCfg = Release|Any CPU
		{D0A4D185-A59D-4DA2-8D75-BA490767DEB4}.Release|x86.Build.0 = Release|Any CPU
		{B9E3C98B-1E9A-4748-AED6-788CC93CDD1B}.Debug|Any CPU.ActiveCfg = Debug|Any CPU
		{B9E3C98B-1E9A-4748-AED6-788CC93CDD1B}.Debug|Any CPU.Build.0 = Debug|Any CPU
		{B9E3C98B-1E9A-4748-AED6-788CC93CDD1B}.Debug|x86.ActiveCfg = Debug|Any CPU
		{B9E3C98B-1E9A-4748-AED6-788CC93CDD1B}.Debug|x86.Build.0 = Debug|Any CPU
		{B9E3C98B-1E9A-4748-AED6-788CC93CDD1B}.Release|Any CPU.ActiveCfg = Release|Any CPU
		{B9E3C98B-1E9A-4748-AED6-788CC93CDD1B}.Release|Any CPU.Build.0 = Release|Any CPU
		{B9E3C98B-1E9A-4748-AED6-788CC93CDD1B}.Release|x86.ActiveCfg = Release|Any CPU
		{B9E3C98B-1E9A-4748-AED6-788CC93CDD1B}.Release|x86.Build.0 = Release|Any CPU
	EndGlobalSection
	GlobalSection(SolutionProperties) = preSolution
		HideSolutionNode = FALSE
	EndGlobalSection
	GlobalSection(ExtensibilityGlobals) = postSolution
		SolutionGuid = {7986C1E4-94D9-407F-B519-84375DFD24A4}
	EndGlobalSection
EndGlobal
